// !$*UTF8*$!
{
	archiveVersion = 1;
	classes = {
	};
	objectVersion = 46;
	objects = {

/* Begin PBXBuildFile section */
		01FE64F61A83B68E003B4638 /* AppDelegate.swift in Sources */ = {isa = PBXBuildFile; fileRef = 01FE64F51A83B68E003B4638 /* AppDelegate.swift */; };
		01FE64FB1A83B68E003B4638 /* Main.storyboard in Resources */ = {isa = PBXBuildFile; fileRef = 01FE64F91A83B68E003B4638 /* Main.storyboard */; };
		01FE64FD1A83B68E003B4638 /* Images.xcassets in Resources */ = {isa = PBXBuildFile; fileRef = 01FE64FC1A83B68E003B4638 /* Images.xcassets */; };
		01FE65001A83B68E003B4638 /* LaunchScreen.xib in Resources */ = {isa = PBXBuildFile; fileRef = 01FE64FE1A83B68E003B4638 /* LaunchScreen.xib */; };
		01FE650C1A83B68E003B4638 /* JsonMovieTutorialTests.swift in Sources */ = {isa = PBXBuildFile; fileRef = 01FE650B1A83B68E003B4638 /* JsonMovieTutorialTests.swift */; };
		01FE65161A83B6CE003B4638 /* MovieTableViewController.swift in Sources */ = {isa = PBXBuildFile; fileRef = 01FE65151A83B6CE003B4638 /* MovieTableViewController.swift */; };
		6BFBF4D61AB1D47F0007C853 /* MoviesData.swift in Sources */ = {isa = PBXBuildFile; fileRef = 6BFBF4D51AB1D47F0007C853 /* MoviesData.swift */; };
		6BFBF4D81AB33DF00007C853 /* MoviesDetail.swift in Sources */ = {isa = PBXBuildFile; fileRef = 6BFBF4D71AB33DF00007C853 /* MoviesDetail.swift */; };
		6BFBF4DA1AB33E020007C853 /* MoviesShowInfo.swift in Sources */ = {isa = PBXBuildFile; fileRef = 6BFBF4D91AB33E020007C853 /* MoviesShowInfo.swift */; };
		6BFBF4DC1AB349E80007C853 /* MainData.swift in Sources */ = {isa = PBXBuildFile; fileRef = 6BFBF4DB1AB349E80007C853 /* MainData.swift */; };
		6BFBF4DF1AB5104A0007C853 /* DetailTableViewController.swift in Sources */ = {isa = PBXBuildFile; fileRef = 6BFBF4DE1AB5104A0007C853 /* DetailTableViewController.swift */; };
/* End PBXBuildFile section */

/* Begin PBXContainerItemProxy section */
		01FE65061A83B68E003B4638 /* PBXContainerItemProxy */ = {
			isa = PBXContainerItemProxy;
			containerPortal = 01FE64E81A83B68E003B4638 /* Project object */;
			proxyType = 1;
			remoteGlobalIDString = 01FE64EF1A83B68E003B4638;
			remoteInfo = JsonMovieTutorial;
		};
/* End PBXContainerItemProxy section */

/* Begin PBXFileReference section */
		01FE64F01A83B68E003B4638 /* JsonMovieTutorial.app */ = {isa = PBXFileReference; explicitFileType = wrapper.application; includeInIndex = 0; path = JsonMovieTutorial.app; sourceTree = BUILT_PRODUCTS_DIR; };
		01FE64F41A83B68E003B4638 /* Info.plist */ = {isa = PBXFileReference; lastKnownFileType = text.plist.xml; path = Info.plist; sourceTree = "<group>"; };
		01FE64F51A83B68E003B4638 /* AppDelegate.swift */ = {isa = PBXFileReference; lastKnownFileType = sourcecode.swift; path = AppDelegate.swift; sourceTree = "<group>"; };
		01FE64FA1A83B68E003B4638 /* Base */ = {isa = PBXFileReference; lastKnownFileType = file.storyboard; name = Base; path = Base.lproj/Main.storyboard; sourceTree = "<group>"; };
		01FE64FC1A83B68E003B4638 /* Images.xcassets */ = {isa = PBXFileReference; lastKnownFileType = folder.assetcatalog; path = Images.xcassets; sourceTree = "<group>"; };
		01FE64FF1A83B68E003B4638 /* Base */ = {isa = PBXFileReference; lastKnownFileType = file.xib; name = Base; path = Base.lproj/LaunchScreen.xib; sourceTree = "<group>"; };
		01FE65051A83B68E003B4638 /* JsonMovieTutorialTests.xctest */ = {isa = PBXFileReference; explicitFileType = wrapper.cfbundle; includeInIndex = 0; path = JsonMovieTutorialTests.xctest; sourceTree = BUILT_PRODUCTS_DIR; };
		01FE650A1A83B68E003B4638 /* Info.plist */ = {isa = PBXFileReference; lastKnownFileType = text.plist.xml; path = Info.plist; sourceTree = "<group>"; };
		01FE650B1A83B68E003B4638 /* JsonMovieTutorialTests.swift */ = {isa = PBXFileReference; lastKnownFileType = sourcecode.swift; path = JsonMovieTutorialTests.swift; sourceTree = "<group>"; };
		01FE65151A83B6CE003B4638 /* MovieTableViewController.swift */ = {isa = PBXFileReference; fileEncoding = 4; lastKnownFileType = sourcecode.swift; path = MovieTableViewController.swift; sourceTree = "<group>"; };
		6BFBF4D51AB1D47F0007C853 /* MoviesData.swift */ = {isa = PBXFileReference; fileEncoding = 4; lastKnownFileType = sourcecode.swift; path = MoviesData.swift; sourceTree = "<group>"; };
		6BFBF4D71AB33DF00007C853 /* MoviesDetail.swift */ = {isa = PBXFileReference; fileEncoding = 4; lastKnownFileType = sourcecode.swift; path = MoviesDetail.swift; sourceTree = "<group>"; };
		6BFBF4D91AB33E020007C853 /* MoviesShowInfo.swift */ = {isa = PBXFileReference; fileEncoding = 4; lastKnownFileType = sourcecode.swift; path = MoviesShowInfo.swift; sourceTree = "<group>"; };
		6BFBF4DB1AB349E80007C853 /* MainData.swift */ = {isa = PBXFileReference; fileEncoding = 4; lastKnownFileType = sourcecode.swift; path = MainData.swift; sourceTree = "<group>"; };
		6BFBF4DE1AB5104A0007C853 /* DetailTableViewController.swift */ = {isa = PBXFileReference; fileEncoding = 4; lastKnownFileType = sourcecode.swift; path = DetailTableViewController.swift; sourceTree = "<group>"; };
/* End PBXFileReference section */

/* Begin PBXFrameworksBuildPhase section */
		01FE64ED1A83B68E003B4638 /* Frameworks */ = {
			isa = PBXFrameworksBuildPhase;
			buildActionMask = 2147483647;
			files = (
			);
			runOnlyForDeploymentPostprocessing = 0;
		};
		01FE65021A83B68E003B4638 /* Frameworks */ = {
			isa = PBXFrameworksBuildPhase;
			buildActionMask = 2147483647;
			files = (
			);
			runOnlyForDeploymentPostprocessing = 0;
		};
/* End PBXFrameworksBuildPhase section */

/* Begin PBXGroup section */
		01FE64E71A83B68E003B4638 = {
			isa = PBXGroup;
			children = (
				01FE64F21A83B68E003B4638 /* JsonMovieTutorial */,
				01FE65081A83B68E003B4638 /* JsonMovieTutorialTests */,
				01FE64F11A83B68E003B4638 /* Products */,
			);
			sourceTree = "<group>";
		};
		01FE64F11A83B68E003B4638 /* Products */ = {
			isa = PBXGroup;
			children = (
				01FE64F01A83B68E003B4638 /* JsonMovieTutorial.app */,
				01FE65051A83B68E003B4638 /* JsonMovieTutorialTests.xctest */,
			);
			name = Products;
			sourceTree = "<group>";
		};
		01FE64F21A83B68E003B4638 /* JsonMovieTutorial */ = {
			isa = PBXGroup;
			children = (
				01FE65151A83B6CE003B4638 /* MovieTableViewController.swift */,
				6BFBF4DE1AB5104A0007C853 /* DetailTableViewController.swift */,
				6BFBF4DD1AB50EFF0007C853 /* Model */,
				01FE64F91A83B68E003B4638 /* Main.storyboard */,
				01FE64F31A83B68E003B4638 /* Supporting Files */,
			);
			path = JsonMovieTutorial;
			sourceTree = "<group>";
		};
		01FE64F31A83B68E003B4638 /* Supporting Files */ = {
			isa = PBXGroup;
			children = (
				01FE64FE1A83B68E003B4638 /* LaunchScreen.xib */,
				01FE64FC1A83B68E003B4638 /* Images.xcassets */,
				01FE64F51A83B68E003B4638 /* AppDelegate.swift */,
				01FE64F41A83B68E003B4638 /* Info.plist */,
			);
			name = "Supporting Files";
			sourceTree = "<group>";
		};
		01FE65081A83B68E003B4638 /* JsonMovieTutorialTests */ = {
			isa = PBXGroup;
			children = (
				01FE650B1A83B68E003B4638 /* JsonMovieTutorialTests.swift */,
				01FE65091A83B68E003B4638 /* Supporting Files */,
			);
			path = JsonMovieTutorialTests;
			sourceTree = "<group>";
		};
		01FE65091A83B68E003B4638 /* Supporting Files */ = {
			isa = PBXGroup;
			children = (
				01FE650A1A83B68E003B4638 /* Info.plist */,
			);
			name = "Supporting Files";
			sourceTree = "<group>";
		};
		6BFBF4DD1AB50EFF0007C853 /* Model */ = {
			isa = PBXGroup;
			children = (
				6BFBF4D51AB1D47F0007C853 /* MoviesData.swift */,
				6BFBF4DB1AB349E80007C853 /* MainData.swift */,
				6BFBF4D71AB33DF00007C853 /* MoviesDetail.swift */,
				6BFBF4D91AB33E020007C853 /* MoviesShowInfo.swift */,
			);
			name = Model;
			sourceTree = "<group>";
		};
/* End PBXGroup section */

/* Begin PBXNativeTarget section */
		01FE64EF1A83B68E003B4638 /* JsonMovieTutorial */ = {
			isa = PBXNativeTarget;
			buildConfigurationList = 01FE650F1A83B68E003B4638 /* Build configuration list for PBXNativeTarget "JsonMovieTutorial" */;
			buildPhases = (
				01FE64EC1A83B68E003B4638 /* Sources */,
				01FE64ED1A83B68E003B4638 /* Frameworks */,
				01FE64EE1A83B68E003B4638 /* Resources */,
			);
			buildRules = (
			);
			dependencies = (
			);
			name = JsonMovieTutorial;
			productName = JsonMovieTutorial;
			productReference = 01FE64F01A83B68E003B4638 /* JsonMovieTutorial.app */;
			productType = "com.apple.product-type.application";
		};
		01FE65041A83B68E003B4638 /* JsonMovieTutorialTests */ = {
			isa = PBXNativeTarget;
			buildConfigurationList = 01FE65121A83B68E003B4638 /* Build configuration list for PBXNativeTarget "JsonMovieTutorialTests" */;
			buildPhases = (
				01FE65011A83B68E003B4638 /* Sources */,
				01FE65021A83B68E003B4638 /* Frameworks */,
				01FE65031A83B68E003B4638 /* Resources */,
			);
			buildRules = (
			);
			dependencies = (
				01FE65071A83B68E003B4638 /* PBXTargetDependency */,
			);
			name = JsonMovieTutorialTests;
			productName = JsonMovieTutorialTests;
			productReference = 01FE65051A83B68E003B4638 /* JsonMovieTutorialTests.xctest */;
			productType = "com.apple.product-type.bundle.unit-test";
		};
/* End PBXNativeTarget section */

/* Begin PBXProject section */
		01FE64E81A83B68E003B4638 /* Project object */ = {
			isa = PBXProject;
			attributes = {
				LastUpgradeCheck = 0610;
				ORGANIZATIONNAME = TheCodingCat;
				TargetAttributes = {
					01FE64EF1A83B68E003B4638 = {
						CreatedOnToolsVersion = 6.1.1;
					};
					01FE65041A83B68E003B4638 = {
						CreatedOnToolsVersion = 6.1.1;
						TestTargetID = 01FE64EF1A83B68E003B4638;
					};
				};
			};
			buildConfigurationList = 01FE64EB1A83B68E003B4638 /* Build configuration list for PBXProject "JsonMovieTutorial" */;
			compatibilityVersion = "Xcode 3.2";
			developmentRegion = English;
			hasScannedForEncodings = 0;
			knownRegions = (
				en,
				Base,
			);
			mainGroup = 01FE64E71A83B68E003B4638;
			productRefGroup = 01FE64F11A83B68E003B4638 /* Products */;
			projectDirPath = "";
			projectRoot = "";
			targets = (
				01FE64EF1A83B68E003B4638 /* JsonMovieTutorial */,
				01FE65041A83B68E003B4638 /* JsonMovieTutorialTests */,
			);
		};
/* End PBXProject section */

/* Begin PBXResourcesBuildPhase section */
		01FE64EE1A83B68E003B4638 /* Resources */ = {
			isa = PBXResourcesBuildPhase;
			buildActionMask = 2147483647;
			files = (
				01FE64FB1A83B68E003B4638 /* Main.storyboard in Resources */,
				01FE65001A83B68E003B4638 /* LaunchScreen.xib in Resources */,
				01FE64FD1A83B68E003B4638 /* Images.xcassets in Resources */,
			);
			runOnlyForDeploymentPostprocessing = 0;
		};
		01FE65031A83B68E003B4638 /* Resources */ = {
			isa = PBXResourcesBuildPhase;
			buildActionMask = 2147483647;
			files = (
			);
			runOnlyForDeploymentPostprocessing = 0;
		};
/* End PBXResourcesBuildPhase section */

/* Begin PBXSourcesBuildPhase section */
		01FE64EC1A83B68E003B4638 /* Sources */ = {
			isa = PBXSourcesBuildPhase;
			buildActionMask = 2147483647;
			files = (
				6BFBF4DF1AB5104A0007C853 /* DetailTableViewController.swift in Sources */,
				01FE65161A83B6CE003B4638 /* MovieTableViewController.swift in Sources */,
				6BFBF4D61AB1D47F0007C853 /* MoviesData.swift in Sources */,
				6BFBF4DA1AB33E020007C853 /* MoviesShowInfo.swift in Sources */,
				01FE64F61A83B68E003B4638 /* AppDelegate.swift in Sources */,
				6BFBF4DC1AB349E80007C853 /* MainData.swift in Sources */,
				6BFBF4D81AB33DF00007C853 /* MoviesDetail.swift in Sources */,
			);
			runOnlyForDeploymentPostprocessing = 0;
		};
		01FE65011A83B68E003B4638 /* Sources */ = {
			isa = PBXSourcesBuildPhase;
			buildActionMask = 2147483647;
			files = (
				01FE650C1A83B68E003B4638 /* JsonMovieTutorialTests.swift in Sources */,
			);
			runOnlyForDeploymentPostprocessing = 0;
		};
/* End PBXSourcesBuildPhase section */

/* Begin PBXTargetDependency section */
		01FE65071A83B68E003B4638 /* PBXTargetDependency */ = {
			isa = PBXTargetDependency;
			target = 01FE64EF1A83B68E003B4638 /* JsonMovieTutorial */;
			targetProxy = 01FE65061A83B68E003B4638 /* PBXContainerItemProxy */;
		};
/* End PBXTargetDependency section */

/* Begin PBXVariantGroup section */
		01FE64F91A83B68E003B4638 /* Main.storyboard */ = {
			isa = PBXVariantGroup;
			children = (
				01FE64FA1A83B68E003B4638 /* Base */,
			);
			name = Main.storyboard;
			sourceTree = "<group>";
		};
		01FE64FE1A83B68E003B4638 /* LaunchScreen.xib */ = {
			isa = PBXVariantGroup;
			children = (
				01FE64FF1A83B68E003B4638 /* Base */,
			);
			name = LaunchScreen.xib;
			sourceTree = "<group>";
		};
/* End PBXVariantGroup section */

/* Begin XCBuildConfiguration section */
		01FE650D1A83B68E003B4638 /* Debug */ = {
			isa = XCBuildConfiguration;
			buildSettings = {
				ALWAYS_SEARCH_USER_PATHS = NO;
				CLANG_CXX_LANGUAGE_STANDARD = "gnu++0x";
				CLANG_CXX_LIBRARY = "libc++";
				CLANG_ENABLE_MODULES = YES;
				CLANG_ENABLE_OBJC_ARC = YES;
				CLANG_WARN_BOOL_CONVERSION = YES;
				CLANG_WARN_CONSTANT_CONVERSION = YES;
				CLANG_WARN_DIRECT_OBJC_ISA_USAGE = YES_ERROR;
				CLANG_WARN_EMPTY_BODY = YES;
				CLANG_WARN_ENUM_CONVERSION = YES;
				CLANG_WARN_INT_CONVERSION = YES;
				CLANG_WARN_OBJC_ROOT_CLASS = YES_ERROR;
				CLANG_WARN_UNREACHABLE_CODE = YES;
				CLANG_WARN__DUPLICATE_METHOD_MATCH = YES;
				"CODE_SIGN_IDENTITY[sdk=iphoneos*]" = "iPhone Developer";
				COPY_PHASE_STRIP = NO;
				ENABLE_STRICT_OBJC_MSGSEND = YES;
				GCC_C_LANGUAGE_STANDARD = gnu99;
				GCC_DYNAMIC_NO_PIC = NO;
				GCC_OPTIMIZATION_LEVEL = 0;
				GCC_PREPROCESSOR_DEFINITIONS = (
					"DEBUG=1",
					"$(inherited)",
				);
				GCC_SYMBOLS_PRIVATE_EXTERN = NO;
				GCC_WARN_64_TO_32_BIT_CONVERSION = YES;
				GCC_WARN_ABOUT_RETURN_TYPE = YES_ERROR;
				GCC_WARN_UNDECLARED_SELECTOR = YES;
				GCC_WARN_UNINITIALIZED_AUTOS = YES_AGGRESSIVE;
				GCC_WARN_UNUSED_FUNCTION = YES;
				GCC_WARN_UNUSED_VARIABLE = YES;
				IPHONEOS_DEPLOYMENT_TARGET = 8.1;
				MTL_ENABLE_DEBUG_INFO = YES;
				ONLY_ACTIVE_ARCH = YES;
				SDKROOT = iphoneos;
				SWIFT_OPTIMIZATION_LEVEL = "-Onone";
			};
			name = Debug;
		};
		01FE650E1A83B68E003B4638 /* Release */ = {
			isa = XCBuildConfiguration;
			buildSettings = {
				ALWAYS_SEARCH_USER_PATHS = NO;
				CLANG_CXX_LANGUAGE_STANDARD = "gnu++0x";
				CLANG_CXX_LIBRARY = "libc++";
				CLANG_ENABLE_MODULES = YES;
				CLANG_ENABLE_OBJC_ARC = YES;
				CLANG_WARN_BOOL_CONVERSION = YES;
				CLANG_WARN_CONSTANT_CONVERSION = YES;
				CLANG_WARN_DIRECT_OBJC_ISA_USAGE = YES_ERROR;
				CLANG_WARN_EMPTY_BODY = YES;
				CLANG_WARN_ENUM_CONVERSION = YES;
				CLANG_WARN_INT_CONVERSION = YES;
				CLANG_WARN_OBJC_ROOT_CLASS = YES_ERROR;
				CLANG_WARN_UNREACHABLE_CODE = YES;
				CLANG_WARN__DUPLICATE_METHOD_MATCH = YES;
				"CODE_SIGN_IDENTITY[sdk=iphoneos*]" = "iPhone Developer";
				COPY_PHASE_STRIP = YES;
				ENABLE_NS_ASSERTIONS = NO;
				ENABLE_STRICT_OBJC_MSGSEND = YES;
				GCC_C_LANGUAGE_STANDARD = gnu99;
				GCC_WARN_64_TO_32_BIT_CONVERSION = YES;
				GCC_WARN_ABOUT_RETURN_TYPE = YES_ERROR;
				GCC_WARN_UNDECLARED_SELECTOR = YES;
				GCC_WARN_UNINITIALIZED_AUTOS = YES_AGGRESSIVE;
				GCC_WARN_UNUSED_FUNCTION = YES;
				GCC_WARN_UNUSED_VARIABLE = YES;
				IPHONEOS_DEPLOYMENT_TARGET = 8.1;
				MTL_ENABLE_DEBUG_INFO = NO;
				SDKROOT = iphoneos;
				VALIDATE_PRODUCT = YES;
			};
			name = Release;
		};
		01FE65101A83B68E003B4638 /* Debug */ = {
			isa = XCBuildConfiguration;
			buildSettings = {
				ASSETCATALOG_COMPILER_APPICON_NAME = AppIcon;
				INFOPLIST_FILE = JsonMovieTutorial/Info.plist;
				LD_RUNPATH_SEARCH_PATHS = "$(inherited) @executable_path/Frameworks";
				PRODUCT_NAME = "$(TARGET_NAME)";
			};
			name = Debug;
		};
		01FE65111A83B68E003B4638 /* Release */ = {
			isa = XCBuildConfiguration;
			buildSettings = {
				ASSETCATALOG_COMPILER_APPICON_NAME = AppIcon;
				INFOPLIST_FILE = JsonMovieTutorial/Info.plist;
				LD_RUNPATH_SEARCH_PATHS = "$(inherited) @executable_path/Frameworks";
				PRODUCT_NAME = "$(TARGET_NAME)";
			};
			name = Release;
		};
		01FE65131A83B68E003B4638 /* Debug */ = {
			isa = XCBuildConfiguration;
			buildSettings = {
				BUNDLE_LOADER = "$(TEST_HOST)";
				FRAMEWORK_SEARCH_PATHS = (
					"$(SDKROOT)/Developer/Library/Frameworks",
					"$(inherited)",
				);
				GCC_PREPROCESSOR_DEFINITIONS = (
					"DEBUG=1",
					"$(inherited)",
				);
				INFOPLIST_FILE = JsonMovieTutorialTests/Info.plist;
				LD_RUNPATH_SEARCH_PATHS = "$(inherited) @executable_path/Frameworks @loader_path/Frameworks";
				PRODUCT_NAME = "$(TARGET_NAME)";
				TEST_HOST = "$(BUILT_PRODUCTS_DIR)/JsonMovieTutorial.app/JsonMovieTutorial";
			};
			name = Debug;
		};
		01FE65141A83B68E003B4638 /* Release */ = {
			isa = XCBuildConfiguration;
			buildSettings = {
				BUNDLE_LOADER = "$(TEST_HOST)";
				FRAMEWORK_SEARCH_PATHS = (
					"$(SDKROOT)/Developer/Library/Frameworks",
					"$(inherited)",
				);
				INFOPLIST_FILE = JsonMovieTutorialTests/Info.plist;
				LD_RUNPATH_SEARCH_PATHS = "$(inherited) @executable_path/Frameworks @loader_path/Frameworks";
				PRODUCT_NAME = "$(TARGET_NAME)";
				TEST_HOST = "$(BUILT_PRODUCTS_DIR)/JsonMovieTutorial.app/JsonMovieTutorial";
			};
			name = Release;
		};
/* End XCBuildConfiguration section */

/* Begin XCConfigurationList section */
		01FE64EB1A83B68E003B4638 /* Build configuration list for PBXProject "JsonMovieTutorial" */ = {
			isa = XCConfigurationList;
			buildConfigurations = (
				01FE650D1A83B68E003B4638 /* Debug */,
				01FE650E1A83B68E003B4638 /* Release */,
			);
			defaultConfigurationIsVisible = 0;
			defaultConfigurationName = Release;
		};
		01FE650F1A83B68E003B4638 /* Build configuration list for PBXNativeTarget "JsonMovieTutorial" */ = {
			isa = XCConfigurationList;
			buildConfigurations = (
				01FE65101A83B68E003B4638 /* Debug */,
				01FE65111A83B68E003B4638 /* Release */,
			);
			defaultConfigurationIsVisible = 0;
			defaultConfigurationName = Release;
		};
		01FE65121A83B68E003B4638 /* Build configuration list for PBXNativeTarget "JsonMovieTutorialTests" */ = {
			isa = XCConfigurationList;
			buildConfigurations = (
				01FE65131A83B68E003B4638 /* Debug */,
				01FE65141A83B68E003B4638 /* Release */,
			);
			defaultConfigurationIsVisible = 0;
			defaultConfigurationName = Release;
		};
/* End XCConfigurationList section */
	};
	rootObject = 01FE64E81A83B68E003B4638 /* Project object */;
}
